# This file was autogenerated by uv via the following command:
#    uv pip compile backend/requirements.txt -o backend/requirements.lock --python-version 3.13
annotated-doc==0.0.5
    # via fastapi
annotated-types==0.8.0
    # via pydantic
anyio==4.15.1
    # via starlette
cffi==2.1.1
    # via soundfile
click==8.5.0
    # via uvicorn
fastapi==0.141.1
    # via -r backend/requirements.txt
h11==0.16.0
    # via uvicorn
idna==3.20
    # via anyio
numpy==2.5.3
    # via soundfile
pillow==12.3.0
    # via -r backend/requirements.txt
pycparser==3.0
    # via cffi
pydantic==2.13.5
    # via fastapi
pydantic-core==2.46.5
    # via pydantic
python-multipart==0.0.32
    # via -r backend/requirements.txt
soundfile==0.14.0
    # via -r backend/requirements.txt
starlette==1.6.0
    # via fastapi
typing-extensions==4.16.0
    # via
    #   anyio
    #   fastapi
    #   pydantic
    #   pydantic-core
    #   soundfile
    #   typing-inspection
typing-inspection==0.4.4
    # via
    #   fastapi
    #   pydantic
uvicorn==0.53.0
    # via -r backend/requirements.txt
